
Microsoft Visual Studio Solution File, Format Version 12.00
# Visual Studio 15
Project("{FAE04EC0-301F-11D3-BF4B-00C04F79EFBC}") = "Armor_FPS", "Armor_FPS.csproj", "{37D8B146-B0A8-D199-7CDA-619F61FC514A}"
EndProject
Global
	GlobalSection(SolutionConfigurationPlatforms) = preSolution
		Debug|Any CPU = Debug|Any CPU
		Release|Any CPU = Release|Any CPU
	EndGlobalSection
	GlobalSection(ProjectConfigurationPlatforms) = postSolution
		{37D8B146-B0A8-D199-7CDA-619F61FC514A}.Debug|Any CPU.ActiveCfg = Debug|Any CPU
		{37D8B146-B0A8-D199-7CDA-619F61FC514A}.Debug|Any CPU.Build.0 = Debug|Any CPU
		{37D8B146-B0A8-D199-7CDA-619F61FC514A}.Release|Any CPU.ActiveCfg = Release|Any CPU
		{37D8B146-B0A8-D199-7CDA-619F61FC514A}.Release|Any CPU.Build.0 = Release|Any CPU
	EndGlobalSection
	GlobalSection(SolutionProperties) = preSolution
		HideSolutionNode = FALSE
	EndGlobalSection
EndGlobal
